
Microsoft Visual Studio Solution File, Format Version 12.00
# Visual Studio 15
VisualStudioVersion = 15.0.28307.168
MinimumVisualStudioVersion = 10.0.40219.1
Project("{FAE04EC0-301F-11D3-BF4B-00C04F79EFBC}") = "SEPROJECT", "SEPROJECT\SEPROJECT.csproj", "{662FF053-8456-456A-B2F1-818825EC6718}"
EndProject
Global
	GlobalSection(SolutionConfigurationPlatforms) = preSolution
		Debug|Any CPU = Debug|Any CPU
		Release|Any CPU = Release|Any CPU
	EndGlobalSection
	GlobalSection(ProjectConfigurationPlatforms) = postSolution
		{662FF053-8456-456A-B2F1-818825EC6718}.Debug|Any CPU.ActiveCfg = Debug|Any CPU
		{662FF053-8456-456A-B2F1-818825EC6718}.Debug|Any CPU.Build.0 = Debug|Any CPU
		{662FF053-8456-456A-B2F1-818825EC6718}.Release|Any CPU.ActiveCfg = Release|Any CPU
		{662FF053-8456-456A-B2F1-818825EC6718}.Release|Any CPU.Build.0 = Release|Any CPU
	EndGlobalSection
	GlobalSection(SolutionProperties) = preSolution
		HideSolutionNode = FALSE
	EndGlobalSection
	GlobalSection(ExtensibilityGlobals) = postSolution
		SolutionGuid = {74FF4FC4-F866-4C88-848F-6E0B737BF0F7}
	EndGlobalSection
EndGlobal
